
Microsoft Visual Studio Solution File, Format Version 12.00
# Visual Studio Version 16
VisualStudioVersion = 16.0.29215.179
MinimumVisualStudioVersion = 10.0.40219.1
Project("{888888A0-9F3D-457C-B088-3A5042F75D52}") = "Pydemo", "Pydemo.pyproj", "{C0EC202E-9682-49FA-9F51-D5A5D79A3F77}"
EndProject
Global
	GlobalSection(SolutionConfigurationPlatforms) = preSolution
		Debug|Any CPU = Debug|Any CPU
		Release|Any CPU = Release|Any CPU
	EndGlobalSection
	GlobalSection(ProjectConfigurationPlatforms) = postSolution
		{C0EC202E-9682-49FA-9F51-D5A5D79A3F77}.Debug|Any CPU.ActiveCfg = Debug|Any CPU
		{C0EC202E-9682-49FA-9F51-D5A5D79A3F77}.Release|Any CPU.ActiveCfg = Release|Any CPU
	EndGlobalSection
	GlobalSection(SolutionProperties) = preSolution
		HideSolutionNode = FALSE
	EndGlobalSection
	GlobalSection(ExtensibilityGlobals) = postSolution
		SolutionGuid = {580D127B-8110-47DE-990C-0E5BC9CF33B4}
	EndGlobalSection
EndGlobal
